{
  "name": "js-call-graph",
  "version": "1.0.0",
  "lockfileVersion": 1,
  "requires": true,
  "dependencies": {
    "acorn": {
      "version": "6.4.1",
      "resolved": "https://registry.npmjs.org/acorn/-/acorn-6.4.1.tgz",
      "integrity": "sha512-ZVA9k326Nwrj3Cj9jlh3wGFutC2ZornPNARZwsNYqQYgN0EsV2d53w5RN/co65Ohn4sUAUtb1rSUAOD6XN9idA=="
    },
    "acorn-walk": {
      "version": "6.1.1",
      "resolved": "https://registry.npmjs.org/acorn-walk/-/acorn-walk-6.1.1.tgz",
      "integrity": "sha512-OtUw6JUTgxA2QoqqmrmQ7F2NYqiBPi/L2jqHyFtllhOUvXYQXf0Z1CYUinIfyT4bTCGmrA7gX9FvHA81uzCoVw=="
    },
    "lodash": {
      "version": "4.17.19",
      "resolved": "https://registry.npmjs.org/lodash/-/lodash-4.17.19.tgz",
      "integrity": "sha512-JNvd8XER9GQX0v2qJgsaN/mzFCNA5BRe/j8JN9d+tWyGLSodKQHKFicdwNYzWwI3wjRnaKPsGj1XkBjx/F96DQ=="
    },
    "picomatch": {
      "version": "2.0.6",
      "resolved": "https://registry.npmjs.org/picomatch/-/picomatch-2.0.6.tgz",
      "integrity": "sha512-Btng9qVvFsW6FkXYQQK5nEI5i8xdXFDmlKxC7Q8S2Bu5HGWnbQf7ts2kOoxJIrZn5hmw61RZIayAg2zBuJDtyQ=="
    },
    "readdirp": {
      "version": "3.0.1",
      "resolved": "https://registry.npmjs.org/readdirp/-/readdirp-3.0.1.tgz",
      "integrity": "sha512-emMp13NEwWQQX1yeDgrzDNCSY7NHV6k9HTW0OhyQqOAzYacbqQhnmWiCYjxNPcqMTQ9k77oXQJp28jkytm3+jg==",
      "requires": {
        "picomatch": "^2.0.4"
      }
    }
  }
}
